
Microsoft Visual Studio Solution File, Format Version 12.00
# Visual Studio Version 17
VisualStudioVersion = 17.0.31903.59
MinimumVisualStudioVersion = 10.0.40219.1
Project("{FAE04EC0-301F-11D3-BF4B-00C04F79EFBC}") = "Comercio.Domain", "Comercio.Domain\Comercio.Domain.csproj", "{819E9654-5C2D-44DB-856E-0FD9715942DD}"
EndProject
Project("{FAE04EC0-301F-11D3-BF4B-00C04F79EFBC}") = "Comercio.Repository", "Comercio.Repository\Comercio.Repository.csproj", "{BB8552A0-3311-4DEE-B08A-6913A4D1B356}"
EndProject
Global
	GlobalSection(SolutionConfigurationPlatforms) = preSolution
		Debug|Any CPU = Debug|Any CPU
		Debug|x64 = Debug|x64
		Debug|x86 = Debug|x86
		Release|Any CPU = Release|Any CPU
		Release|x64 = Release|x64
		Release|x86 = Release|x86
	EndGlobalSection
	GlobalSection(ProjectConfigurationPlatforms) = postSolution
		{819E9654-5C2D-44DB-856E-0FD9715942DD}.Debug|Any CPU.ActiveCfg = Debug|Any CPU
		{819E9654-5C2D-44DB-856E-0FD9715942DD}.Debug|Any CPU.Build.0 = Debug|Any CPU
		{819E9654-5C2D-44DB-856E-0FD9715942DD}.Debug|x64.ActiveCfg = Debug|Any CPU
		{819E9654-5C2D-44DB-856E-0FD9715942DD}.Debug|x64.Build.0 = Debug|Any CPU
		{819E9654-5C2D-44DB-856E-0FD9715942DD}.Debug|x86.ActiveCfg = Debug|Any CPU
		{819E9654-5C2D-44DB-856E-0FD9715942DD}.Debug|x86.Build.0 = Debug|Any CPU
		{819E9654-5C2D-44DB-856E-0FD9715942DD}.Release|Any CPU.ActiveCfg = Release|Any CPU
		{819E9654-5C2D-44DB-856E-0FD9715942DD}.Release|Any CPU.Build.0 = Release|Any CPU
		{819E9654-5C2D-44DB-856E-0FD9715942DD}.Release|x64.ActiveCfg = Release|Any CPU
		{819E9654-5C2D-44DB-856E-0FD9715942DD}.Release|x64.Build.0 = Release|Any CPU
		{819E9654-5C2D-44DB-856E-0FD9715942DD}.Release|x86.ActiveCfg = Release|Any CPU
		{819E9654-5C2D-44DB-856E-0FD9715942DD}.Release|x86.Build.0 = Release|Any CPU
		{BB8552A0-3311-4DEE-B08A-6913A4D1B356}.Debug|Any CPU.ActiveCfg = Debug|Any CPU
		{BB8552A0-3311-4DEE-B08A-6913A4D1B356}.Debug|Any CPU.Build.0 = Debug|Any CPU
		{BB8552A0-3311-4DEE-B08A-6913A4D1B356}.Debug|x64.ActiveCfg = Debug|Any CPU
		{BB8552A0-3311-4DEE-B08A-6913A4D1B356}.Debug|x64.Build.0 = Debug|Any CPU
		{BB8552A0-3311-4DEE-B08A-6913A4D1B356}.Debug|x86.ActiveCfg = Debug|Any CPU
		{BB8552A0-3311-4DEE-B08A-6913A4D1B356}.Debug|x86.Build.0 = Debug|Any CPU
		{BB8552A0-3311-4DEE-B08A-6913A4D1B356}.Release|Any CPU.ActiveCfg = Release|Any CPU
		{BB8552A0-3311-4DEE-B08A-6913A4D1B356}.Release|Any CPU.Build.0 = Release|Any CPU
		{BB8552A0-3311-4DEE-B08A-6913A4D1B356}.Release|x64.ActiveCfg = Release|Any CPU
		{BB8552A0-3311-4DEE-B08A-6913A4D1B356}.Release|x64.Build.0 = Release|Any CPU
		{BB8552A0-3311-4DEE-B08A-6913A4D1B356}.Release|x86.ActiveCfg = Release|Any CPU
		{BB8552A0-3311-4DEE-B08A-6913A4D1B356}.Release|x86.Build.0 = Release|Any CPU
	EndGlobalSection
	GlobalSection(SolutionProperties) = preSolution
		HideSolutionNode = FALSE
	EndGlobalSection
EndGlobal
