Microsoft Visual Studio Solution File, Format Version 12.00
# Visual Studio Version 17
VisualStudioVersion = 17.5.2.0
MinimumVisualStudioVersion = 10.0.40219.1
Project("{FAE04EC0-301F-11D3-BF4B-00C04F79EFBC}") = "Comercio.Repository", "Comercio.Repository.csproj", "{26206012-AB89-7B9A-9086-FE72EA7B9439}"
EndProject
Global
	GlobalSection(SolutionConfigurationPlatforms) = preSolution
		Debug|Any CPU = Debug|Any CPU
		Release|Any CPU = Release|Any CPU
	EndGlobalSection
	GlobalSection(ProjectConfigurationPlatforms) = postSolution
		{26206012-AB89-7B9A-9086-FE72EA7B9439}.Debug|Any CPU.ActiveCfg = Debug|Any CPU
		{26206012-AB89-7B9A-9086-FE72EA7B9439}.Debug|Any CPU.Build.0 = Debug|Any CPU
		{26206012-AB89-7B9A-9086-FE72EA7B9439}.Release|Any CPU.ActiveCfg = Release|Any CPU
		{26206012-AB89-7B9A-9086-FE72EA7B9439}.Release|Any CPU.Build.0 = Release|Any CPU
	EndGlobalSection
	GlobalSection(SolutionProperties) = preSolution
		HideSolutionNode = FALSE
	EndGlobalSection
	GlobalSection(ExtensibilityGlobals) = postSolution
		SolutionGuid = {6F742FCD-1FF7-4168-8DE0-50E21B0E426D}
	EndGlobalSection
EndGlobal
